
Microsoft Visual Studio Solution File, Format Version 11.00
# Visual Studio 2010
Project("{FAE04EC0-301F-11D3-BF4B-00C04F79EFBC}") = "Raven.SituationaAwareness", "Raven.SituationaAwareness\Raven.SituationaAwareness.csproj", "{8954CFE0-930A-4585-A303-F70A5771BFA9}"
EndProject
Project("{FAE04EC0-301F-11D3-BF4B-00C04F79EFBC}") = "Raven.SituationaAwareness.Tryouts", "Raven.SituationaAwareness.Tryouts\Raven.SituationaAwareness.Tryouts.csproj", "{214C3724-C3A8-4E2E-9077-CDE3B1C9C658}"
EndProject
Global
	GlobalSection(SolutionConfigurationPlatforms) = preSolution
		Debug|Any CPU = Debug|Any CPU
		Debug|Mixed Platforms = Debug|Mixed Platforms
		Debug|x86 = Debug|x86
		Release|Any CPU = Release|Any CPU
		Release|Mixed Platforms = Release|Mixed Platforms
		Release|x86 = Release|x86
	EndGlobalSection
	GlobalSection(ProjectConfigurationPlatforms) = postSolution
		{8954CFE0-930A-4585-A303-F70A5771BFA9}.Debug|Any CPU.ActiveCfg = Debug|Any CPU
		{8954CFE0-930A-4585-A303-F70A5771BFA9}.Debug|Any CPU.Build.0 = Debug|Any CPU
		{8954CFE0-930A-4585-A303-F70A5771BFA9}.Debug|Mixed Platforms.ActiveCfg = Debug|Any CPU
		{8954CFE0-930A-4585-A303-F70A5771BFA9}.Debug|Mixed Platforms.Build.0 = Debug|Any CPU
		{8954CFE0-930A-4585-A303-F70A5771BFA9}.Debug|x86.ActiveCfg = Debug|Any CPU
		{8954CFE0-930A-4585-A303-F70A5771BFA9}.Release|Any CPU.ActiveCfg = Release|Any CPU
		{8954CFE0-930A-4585-A303-F70A5771BFA9}.Release|Any CPU.Build.0 = Release|Any CPU
		{8954CFE0-930A-4585-A303-F70A5771BFA9}.Release|Mixed Platforms.ActiveCfg = Release|Any CPU
		{8954CFE0-930A-4585-A303-F70A5771BFA9}.Release|Mixed Platforms.Build.0 = Release|Any CPU
		{8954CFE0-930A-4585-A303-F70A5771BFA9}.Release|x86.ActiveCfg = Release|Any CPU
		{214C3724-C3A8-4E2E-9077-CDE3B1C9C658}.Debug|Any CPU.ActiveCfg = Debug|x86
		{214C3724-C3A8-4E2E-9077-CDE3B1C9C658}.Debug|Mixed Platforms.ActiveCfg = Debug|x86
		{214C3724-C3A8-4E2E-9077-CDE3B1C9C658}.Debug|Mixed Platforms.Build.0 = Debug|x86
		{214C3724-C3A8-4E2E-9077-CDE3B1C9C658}.Debug|x86.ActiveCfg = Debug|x86
		{214C3724-C3A8-4E2E-9077-CDE3B1C9C658}.Debug|x86.Build.0 = Debug|x86
		{214C3724-C3A8-4E2E-9077-CDE3B1C9C658}.Release|Any CPU.ActiveCfg = Release|x86
		{214C3724-C3A8-4E2E-9077-CDE3B1C9C658}.Release|Mixed Platforms.ActiveCfg = Release|x86
		{214C3724-C3A8-4E2E-9077-CDE3B1C9C658}.Release|Mixed Platforms.Build.0 = Release|x86
		{214C3724-C3A8-4E2E-9077-CDE3B1C9C658}.Release|x86.ActiveCfg = Release|x86
		{214C3724-C3A8-4E2E-9077-CDE3B1C9C658}.Release|x86.Build.0 = Release|x86
	EndGlobalSection
	GlobalSection(SolutionProperties) = preSolution
		HideSolutionNode = FALSE
	EndGlobalSection
EndGlobal
